
Microsoft Visual Studio Solution File, Format Version 12.00
# Visual Studio Version 16
VisualStudioVersion = 16.0.30011.22
MinimumVisualStudioVersion = 10.0.40219.1
Project("{9A19103F-16F7-4668-BE54-9A1E7A4F7556}") = "Entities", "Entities\Entities.csproj", "{93A9C00C-2DF4-488D-A7E6-4089120AA870}"
EndProject
Project("{9A19103F-16F7-4668-BE54-9A1E7A4F7556}") = "DataAccess", "DataAccess\DataAccess.csproj", "{45F29040-0D67-45F7-AFC3-48C70B2E3E72}"
EndProject
Project("{9A19103F-16F7-4668-BE54-9A1E7A4F7556}") = "Business", "Business\Business.csproj", "{0C1DBFB3-2A7D-424C-9EB6-A776FFAD5F0B}"
EndProject
Project("{9A19103F-16F7-4668-BE54-9A1E7A4F7556}") = "ConsoleUI", "ConsoleUI\ConsoleUI.csproj", "{C979B732-E4C6-4145-BE34-434FC62B2C4B}"
EndProject
Project("{FAE04EC0-301F-11D3-BF4B-00C04F79EFBC}") = "Core", "Core\Core.csproj", "{50B16157-9D39-41C8-837A-11384C8E81C5}"
EndProject
Global
	GlobalSection(SolutionConfigurationPlatforms) = preSolution
		Debug|Any CPU = Debug|Any CPU
		Release|Any CPU = Release|Any CPU
	EndGlobalSection
	GlobalSection(ProjectConfigurationPlatforms) = postSolution
		{93A9C00C-2DF4-488D-A7E6-4089120AA870}.Debug|Any CPU.ActiveCfg = Debug|Any CPU
		{93A9C00C-2DF4-488D-A7E6-4089120AA870}.Debug|Any CPU.Build.0 = Debug|Any CPU
		{93A9C00C-2DF4-488D-A7E6-4089120AA870}.Release|Any CPU.ActiveCfg = Release|Any CPU
		{93A9C00C-2DF4-488D-A7E6-4089120AA870}.Release|Any CPU.Build.0 = Release|Any CPU
		{45F29040-0D67-45F7-AFC3-48C70B2E3E72}.Debug|Any CPU.ActiveCfg = Debug|Any CPU
		{45F29040-0D67-45F7-AFC3-48C70B2E3E72}.Debug|Any CPU.Build.0 = Debug|Any CPU
		{45F29040-0D67-45F7-AFC3-48C70B2E3E72}.Release|Any CPU.ActiveCfg = Release|Any CPU
		{45F29040-0D67-45F7-AFC3-48C70B2E3E72}.Release|Any CPU.Build.0 = Release|Any CPU
		{0C1DBFB3-2A7D-424C-9EB6-A776FFAD5F0B}.Debug|Any CPU.ActiveCfg = Debug|Any CPU
		{0C1DBFB3-2A7D-424C-9EB6-A776FFAD5F0B}.Debug|Any CPU.Build.0 = Debug|Any CPU
		{0C1DBFB3-2A7D-424C-9EB6-A776FFAD5F0B}.Release|Any CPU.ActiveCfg = Release|Any CPU
		{0C1DBFB3-2A7D-424C-9EB6-A776FFAD5F0B}.Release|Any CPU.Build.0 = Release|Any CPU
		{C979B732-E4C6-4145-BE34-434FC62B2C4B}.Debug|Any CPU.ActiveCfg = Debug|Any CPU
		{C979B732-E4C6-4145-BE34-434FC62B2C4B}.Debug|Any CPU.Build.0 = Debug|Any CPU
		{C979B732-E4C6-4145-BE34-434FC62B2C4B}.Release|Any CPU.ActiveCfg = Release|Any CPU
		{C979B732-E4C6-4145-BE34-434FC62B2C4B}.Release|Any CPU.Build.0 = Release|Any CPU
		{50B16157-9D39-41C8-837A-11384C8E81C5}.Debug|Any CPU.ActiveCfg = Debug|Any CPU
		{50B16157-9D39-41C8-837A-11384C8E81C5}.Debug|Any CPU.Build.0 = Debug|Any CPU
		{50B16157-9D39-41C8-837A-11384C8E81C5}.Release|Any CPU.ActiveCfg = Release|Any CPU
		{50B16157-9D39-41C8-837A-11384C8E81C5}.Release|Any CPU.Build.0 = Release|Any CPU
	EndGlobalSection
	GlobalSection(SolutionProperties) = preSolution
		HideSolutionNode = FALSE
	EndGlobalSection
	GlobalSection(ExtensibilityGlobals) = postSolution
		SolutionGuid = {003B7FC4-F508-47F5-9650-D3FF99BFC798}
	EndGlobalSection
EndGlobal
